
Microsoft Visual Studio Solution File, Format Version 12.00
# Visual Studio 14
VisualStudioVersion = 14.0.25420.1
MinimumVisualStudioVersion = 10.0.40219.1
Project("{2150E333-8FDC-42A3-9474-1A3956D46DE8}") = "src", "src", "{6BE871EE-2F74-489B-BD6C-78C474103E0B}"
EndProject
Project("{2150E333-8FDC-42A3-9474-1A3956D46DE8}") = "Solution Items", "Solution Items", "{62E0DA61-478D-4583-B147-B87091175B2A}"
	ProjectSection(SolutionItems) = preProject
		global.json = global.json
		readme.md = readme.md
	EndProjectSection
EndProject
Project("{8BB2217D-0F2D-49D1-97BC-3654ED321F3B}") = "Banking.Domain", "src\Banking.Domain\Banking.Domain.xproj", "{2B51A77E-DE32-4A72-9EDE-CBC4809C8E41}"
EndProject
Project("{2150E333-8FDC-42A3-9474-1A3956D46DE8}") = "test", "test", "{C32CAE52-23CA-4380-8BE9-E03CC6E7CA79}"
EndProject
Project("{8BB2217D-0F2D-49D1-97BC-3654ED321F3B}") = "Banking.Domain.Tests", "test\Banking.Domain.Tests\Banking.Domain.Tests.xproj", "{8D211789-8946-4228-8D7D-E7764BE12757}"
EndProject
Global
	GlobalSection(SolutionConfigurationPlatforms) = preSolution
		Debug|Any CPU = Debug|Any CPU
		Release|Any CPU = Release|Any CPU
	EndGlobalSection
	GlobalSection(ProjectConfigurationPlatforms) = postSolution
		{2B51A77E-DE32-4A72-9EDE-CBC4809C8E41}.Debug|Any CPU.ActiveCfg = Debug|Any CPU
		{2B51A77E-DE32-4A72-9EDE-CBC4809C8E41}.Debug|Any CPU.Build.0 = Debug|Any CPU
		{2B51A77E-DE32-4A72-9EDE-CBC4809C8E41}.Release|Any CPU.ActiveCfg = Release|Any CPU
		{2B51A77E-DE32-4A72-9EDE-CBC4809C8E41}.Release|Any CPU.Build.0 = Release|Any CPU
		{8D211789-8946-4228-8D7D-E7764BE12757}.Debug|Any CPU.ActiveCfg = Debug|Any CPU
		{8D211789-8946-4228-8D7D-E7764BE12757}.Debug|Any CPU.Build.0 = Debug|Any CPU
		{8D211789-8946-4228-8D7D-E7764BE12757}.Release|Any CPU.ActiveCfg = Release|Any CPU
		{8D211789-8946-4228-8D7D-E7764BE12757}.Release|Any CPU.Build.0 = Release|Any CPU
	EndGlobalSection
	GlobalSection(SolutionProperties) = preSolution
		HideSolutionNode = FALSE
	EndGlobalSection
	GlobalSection(NestedProjects) = preSolution
		{2B51A77E-DE32-4A72-9EDE-CBC4809C8E41} = {6BE871EE-2F74-489B-BD6C-78C474103E0B}
		{8D211789-8946-4228-8D7D-E7764BE12757} = {C32CAE52-23CA-4380-8BE9-E03CC6E7CA79}
	EndGlobalSection
EndGlobal
